
Microsoft Visual Studio Solution File, Format Version 12.00
# Visual Studio Version 17
VisualStudioVersion = 17.0.31410.414
MinimumVisualStudioVersion = 15.0.26124.0
Project("{2150E333-8FDC-42A3-9474-1A3956D46DE8}") = "src", "src", "{C24CE981-3445-4B7B-8863-14E9F77E8AB9}"
EndProject
Project("{2150E333-8FDC-42A3-9474-1A3956D46DE8}") = "test", "test", "{85D4824E-3FA3-4DDA-A894-63FF027BDD55}"
EndProject
Project("{9A19103F-16F7-4668-BE54-9A1E7A4F7556}") = "JBanning.AzureHelper.Queues", "src\JBanning.AzureHelper.Queues\JBanning.AzureHelper.Queues.csproj", "{9B473AE1-C6F9-4C4F-84EE-E21663FBBA36}"
EndProject
Project("{9A19103F-16F7-4668-BE54-9A1E7A4F7556}") = "JBanning.AzureHelper.Queues.Tests", "test\JBanning.AzureHelper.Queues.Tests\JBanning.AzureHelper.Queues.Tests.csproj", "{927FABF7-4A86-468E-9860-09E8F6BE65B6}"
EndProject
Global
	GlobalSection(SolutionConfigurationPlatforms) = preSolution
		Debug|Any CPU = Debug|Any CPU
		Release|Any CPU = Release|Any CPU
	EndGlobalSection
	GlobalSection(ProjectConfigurationPlatforms) = postSolution
		{9B473AE1-C6F9-4C4F-84EE-E21663FBBA36}.Debug|Any CPU.ActiveCfg = Debug|Any CPU
		{9B473AE1-C6F9-4C4F-84EE-E21663FBBA36}.Debug|Any CPU.Build.0 = Debug|Any CPU
		{9B473AE1-C6F9-4C4F-84EE-E21663FBBA36}.Release|Any CPU.ActiveCfg = Release|Any CPU
		{9B473AE1-C6F9-4C4F-84EE-E21663FBBA36}.Release|Any CPU.Build.0 = Release|Any CPU
		{927FABF7-4A86-468E-9860-09E8F6BE65B6}.Debug|Any CPU.ActiveCfg = Debug|Any CPU
		{927FABF7-4A86-468E-9860-09E8F6BE65B6}.Debug|Any CPU.Build.0 = Debug|Any CPU
		{927FABF7-4A86-468E-9860-09E8F6BE65B6}.Release|Any CPU.ActiveCfg = Release|Any CPU
		{927FABF7-4A86-468E-9860-09E8F6BE65B6}.Release|Any CPU.Build.0 = Release|Any CPU
	EndGlobalSection
	GlobalSection(SolutionProperties) = preSolution
		HideSolutionNode = FALSE
	EndGlobalSection
	GlobalSection(NestedProjects) = preSolution
		{9B473AE1-C6F9-4C4F-84EE-E21663FBBA36} = {C24CE981-3445-4B7B-8863-14E9F77E8AB9}
		{927FABF7-4A86-468E-9860-09E8F6BE65B6} = {85D4824E-3FA3-4DDA-A894-63FF027BDD55}
	EndGlobalSection
	GlobalSection(ExtensibilityGlobals) = postSolution
		SolutionGuid = {F82150CD-838C-47E2-AEA6-EC90C749890A}
	EndGlobalSection
EndGlobal
